
Microsoft Visual Studio Solution File, Format Version 10.00
# Visual Studio 2008
Project("{8BC9CEB8-8B4A-11D0-8D11-00A0C91BC942}") = "all", "all/all.vcproj", "{4AB923D2-A951-1BF1-ECE8-B6A08ADECBE1}"
	ProjectSection(ProjectDependencies) = postProject
		{EC3E0705-3E1B-82FA-1211-2AF5E32257E5} = {EC3E0705-3E1B-82FA-1211-2AF5E32257E5}
		{82CE3F0A-94EC-86A8-65E8-2CA99E91C9AE} = {82CE3F0A-94EC-86A8-65E8-2CA99E91C9AE}
		{867A6385-A5DD-7146-100F-B757633EE6CC} = {867A6385-A5DD-7146-100F-B757633EE6CC}
		{BC5E9FDD-613C-E7ED-72BA-15BFF9F9C281} = {BC5E9FDD-613C-E7ED-72BA-15BFF9F9C281}
		{F9E6FC91-0F3E-1302-123B-C9E36A15B2B9} = {F9E6FC91-0F3E-1302-123B-C9E36A15B2B9}
		{EB4567D5-479E-BA9E-E187-98FB9EBAE50F} = {EB4567D5-479E-BA9E-E187-98FB9EBAE50F}
		{C3CF9C0D-6FE3-4F53-AFDF-EC5AFF71AF7B} = {C3CF9C0D-6FE3-4F53-AFDF-EC5AFF71AF7B}
		{3E2BA12A-C7CF-DFA3-1135-ED30A8B00280} = {3E2BA12A-C7CF-DFA3-1135-ED30A8B00280}
		{B77B2862-9ED5-BDF5-69D4-EFE396A4732B} = {B77B2862-9ED5-BDF5-69D4-EFE396A4732B}
		{CC029B04-89CD-5F5D-E4E5-65E5502ECC0B} = {CC029B04-89CD-5F5D-E4E5-65E5502ECC0B}
		{308E3BDE-222B-AB25-CE4E-6DC2B12E1C66} = {308E3BDE-222B-AB25-CE4E-6DC2B12E1C66}
		{2454560A-7195-C00F-BB2A-CD965482FC98} = {2454560A-7195-C00F-BB2A-CD965482FC98}
		{3D8CD50C-F0ED-6298-0B31-97F68C50A10A} = {3D8CD50C-F0ED-6298-0B31-97F68C50A10A}
		{DDDCA5AE-C2C5-3486-A967-690596546EAE} = {DDDCA5AE-C2C5-3486-A967-690596546EAE}
	EndProjectSection
EndProject
Project("{8BC9CEB8-8B4A-11D0-8D11-00A0C91BC942}") = "lib_SDL2", "lib_SDL2/lib_SDL2.vcproj", "{EC3E0705-3E1B-82FA-1211-2AF5E32257E5}"
	ProjectSection(ProjectDependencies) = postProject
		{EB4567D5-479E-BA9E-E187-98FB9EBAE50F} = {EB4567D5-479E-BA9E-E187-98FB9EBAE50F}
	EndProjectSection
EndProject
Project("{8BC9CEB8-8B4A-11D0-8D11-00A0C91BC942}") = "lib_angelscript", "lib_angelscript/lib_angelscript.vcproj", "{308E3BDE-222B-AB25-CE4E-6DC2B12E1C66}"
EndProject
Project("{8BC9CEB8-8B4A-11D0-8D11-00A0C91BC942}") = "lib_bullet", "lib_bullet/lib_bullet.vcproj", "{DDDCA5AE-C2C5-3486-A967-690596546EAE}"
EndProject
Project("{8BC9CEB8-8B4A-11D0-8D11-00A0C91BC942}") = "lib_freetype", "lib_freetype/lib_freetype.vcproj", "{EB4567D5-479E-BA9E-E187-98FB9EBAE50F}"
	ProjectSection(ProjectDependencies) = postProject
		{82CE3F0A-94EC-86A8-65E8-2CA99E91C9AE} = {82CE3F0A-94EC-86A8-65E8-2CA99E91C9AE}
	EndProjectSection
EndProject
Project("{8BC9CEB8-8B4A-11D0-8D11-00A0C91BC942}") = "lib_jpeglib", "lib_jpeglib/lib_jpeglib.vcproj", "{BC5E9FDD-613C-E7ED-72BA-15BFF9F9C281}"
EndProject
Project("{8BC9CEB8-8B4A-11D0-8D11-00A0C91BC942}") = "lib_libgd", "lib_libgd/lib_libgd.vcproj", "{F9E6FC91-0F3E-1302-123B-C9E36A15B2B9}"
	ProjectSection(ProjectDependencies) = postProject
		{82CE3F0A-94EC-86A8-65E8-2CA99E91C9AE} = {82CE3F0A-94EC-86A8-65E8-2CA99E91C9AE}
		{867A6385-A5DD-7146-100F-B757633EE6CC} = {867A6385-A5DD-7146-100F-B757633EE6CC}
		{BC5E9FDD-613C-E7ED-72BA-15BFF9F9C281} = {BC5E9FDD-613C-E7ED-72BA-15BFF9F9C281}
	EndProjectSection
EndProject
Project("{8BC9CEB8-8B4A-11D0-8D11-00A0C91BC942}") = "lib_libpng", "lib_libpng/lib_libpng.vcproj", "{867A6385-A5DD-7146-100F-B757633EE6CC}"
	ProjectSection(ProjectDependencies) = postProject
		{82CE3F0A-94EC-86A8-65E8-2CA99E91C9AE} = {82CE3F0A-94EC-86A8-65E8-2CA99E91C9AE}
	EndProjectSection
EndProject
Project("{8BC9CEB8-8B4A-11D0-8D11-00A0C91BC942}") = "lib_lightning", "lib_lightning/lib_lightning.vcproj", "{3D8CD50C-F0ED-6298-0B31-97F68C50A10A}"
EndProject
Project("{8BC9CEB8-8B4A-11D0-8D11-00A0C91BC942}") = "lib_lua", "lib_lua/lib_lua.vcproj", "{B77B2862-9ED5-BDF5-69D4-EFE396A4732B}"
EndProject
Project("{8BC9CEB8-8B4A-11D0-8D11-00A0C91BC942}") = "lib_luajit", "lib_luajit/lib_luajit.vcproj", "{CC029B04-89CD-5F5D-E4E5-65E5502ECC0B}"
EndProject
Project("{8BC9CEB8-8B4A-11D0-8D11-00A0C91BC942}") = "lib_sqlite3", "lib_sqlite3/lib_sqlite3.vcproj", "{C3CF9C0D-6FE3-4F53-AFDF-EC5AFF71AF7B}"
EndProject
Project("{8BC9CEB8-8B4A-11D0-8D11-00A0C91BC942}") = "lib_squirrel", "lib_squirrel/lib_squirrel.vcproj", "{3E2BA12A-C7CF-DFA3-1135-ED30A8B00280}"
EndProject
Project("{8BC9CEB8-8B4A-11D0-8D11-00A0C91BC942}") = "lib_tinyc", "lib_tinyc/lib_tinyc.vcproj", "{2454560A-7195-C00F-BB2A-CD965482FC98}"
EndProject
Project("{8BC9CEB8-8B4A-11D0-8D11-00A0C91BC942}") = "lib_zlib", "lib_zlib/lib_zlib.vcproj", "{82CE3F0A-94EC-86A8-65E8-2CA99E91C9AE}"
EndProject

